
Microsoft Visual Studio Solution File, Format Version 12.00
# Visual Studio Version 17
VisualStudioVersion = 17.2.32519.379
MinimumVisualStudioVersion = 10.0.40219.1
Project("{FAE04EC0-301F-11D3-BF4B-00C04F79EFBC}") = "WebApplication4", "WebApplication4\WebApplication4.csproj", "{B7D14DC1-283E-4A32-BBA3-A8B23AFAEA9E}"
EndProject
Global
	GlobalSection(SolutionConfigurationPlatforms) = preSolution
		Debug|Any CPU = Debug|Any CPU
		Release|Any CPU = Release|Any CPU
	EndGlobalSection
	GlobalSection(ProjectConfigurationPlatforms) = postSolution
		{B7D14DC1-283E-4A32-BBA3-A8B23AFAEA9E}.Debug|Any CPU.ActiveCfg = Debug|Any CPU
		{B7D14DC1-283E-4A32-BBA3-A8B23AFAEA9E}.Debug|Any CPU.Build.0 = Debug|Any CPU
		{B7D14DC1-283E-4A32-BBA3-A8B23AFAEA9E}.Release|Any CPU.ActiveCfg = Release|Any CPU
		{B7D14DC1-283E-4A32-BBA3-A8B23AFAEA9E}.Release|Any CPU.Build.0 = Release|Any CPU
	EndGlobalSection
	GlobalSection(SolutionProperties) = preSolution
		HideSolutionNode = FALSE
	EndGlobalSection
	GlobalSection(ExtensibilityGlobals) = postSolution
		SolutionGuid = {C0E25404-7ACB-4FD3-A928-FAEF38B27307}
	EndGlobalSection
EndGlobal
